
Microsoft Visual Studio Solution File, Format Version 12.00
# Visual Studio Version 17
VisualStudioVersion = 17.13.35806.99 d17.13
MinimumVisualStudioVersion = 10.0.40219.1
Project("{FAE04EC0-301F-11D3-BF4B-00C04F79EFBC}") = "VoiceTexterBot", "VoiceTexterBot\VoiceTexterBot.csproj", "{BDDC268D-F9AF-42A9-A8AE-D5B919A3A3C8}"
EndProject
Global
	GlobalSection(SolutionConfigurationPlatforms) = preSolution
		Debug|Any CPU = Debug|Any CPU
		Release|Any CPU = Release|Any CPU
	EndGlobalSection
	GlobalSection(ProjectConfigurationPlatforms) = postSolution
		{BDDC268D-F9AF-42A9-A8AE-D5B919A3A3C8}.Debug|Any CPU.ActiveCfg = Debug|Any CPU
		{BDDC268D-F9AF-42A9-A8AE-D5B919A3A3C8}.Debug|Any CPU.Build.0 = Debug|Any CPU
		{BDDC268D-F9AF-42A9-A8AE-D5B919A3A3C8}.Release|Any CPU.ActiveCfg = Release|Any CPU
		{BDDC268D-F9AF-42A9-A8AE-D5B919A3A3C8}.Release|Any CPU.Build.0 = Release|Any CPU
	EndGlobalSection
	GlobalSection(SolutionProperties) = preSolution
		HideSolutionNode = FALSE
	EndGlobalSection
	GlobalSection(ExtensibilityGlobals) = postSolution
		SolutionGuid = {80DFA067-9F80-4EDF-A26B-C36D78437F5B}
	EndGlobalSection
EndGlobal
